
Microsoft Visual Studio Solution File, Format Version 12.00
# Visual Studio Version 17
VisualStudioVersion = 17.14.37216.2 d17.14
MinimumVisualStudioVersion = 10.0.40219.1
Project("{FAE04EC0-301F-11D3-BF4B-00C04F79EFBC}") = "Etteplan.App", "Etteplan.App\Etteplan.App.csproj", "{D6C12140-FE83-408C-AB5B-519C1E3D7937}"
EndProject
Project("{FAE04EC0-301F-11D3-BF4B-00C04F79EFBC}") = "Etteplan.Core", "Etteplan.Core\Etteplan.Core.csproj", "{50BBC26C-5F77-4128-BEDF-D96892C9A163}"
EndProject
Project("{FAE04EC0-301F-11D3-BF4B-00C04F79EFBC}") = "Etteplan.Test", "Etteplan.Test\Etteplan.Test.csproj", "{220B8F41-FB72-47A6-A52A-DFF539533B83}"
EndProject
Global
	GlobalSection(SolutionConfigurationPlatforms) = preSolution
		Debug|Any CPU = Debug|Any CPU
		Release|Any CPU = Release|Any CPU
	EndGlobalSection
	GlobalSection(ProjectConfigurationPlatforms) = postSolution
		{D6C12140-FE83-408C-AB5B-519C1E3D7937}.Debug|Any CPU.ActiveCfg = Debug|Any CPU
		{D6C12140-FE83-408C-AB5B-519C1E3D7937}.Debug|Any CPU.Build.0 = Debug|Any CPU
		{D6C12140-FE83-408C-AB5B-519C1E3D7937}.Release|Any CPU.ActiveCfg = Release|Any CPU
		{D6C12140-FE83-408C-AB5B-519C1E3D7937}.Release|Any CPU.Build.0 = Release|Any CPU
		{50BBC26C-5F77-4128-BEDF-D96892C9A163}.Debug|Any CPU.ActiveCfg = Debug|Any CPU
		{50BBC26C-5F77-4128-BEDF-D96892C9A163}.Debug|Any CPU.Build.0 = Debug|Any CPU
		{50BBC26C-5F77-4128-BEDF-D96892C9A163}.Release|Any CPU.ActiveCfg = Release|Any CPU
		{50BBC26C-5F77-4128-BEDF-D96892C9A163}.Release|Any CPU.Build.0 = Release|Any CPU
		{220B8F41-FB72-47A6-A52A-DFF539533B83}.Debug|Any CPU.ActiveCfg = Debug|Any CPU
		{220B8F41-FB72-47A6-A52A-DFF539533B83}.Debug|Any CPU.Build.0 = Debug|Any CPU
		{220B8F41-FB72-47A6-A52A-DFF539533B83}.Release|Any CPU.ActiveCfg = Release|Any CPU
		{220B8F41-FB72-47A6-A52A-DFF539533B83}.Release|Any CPU.Build.0 = Release|Any CPU
	EndGlobalSection
	GlobalSection(SolutionProperties) = preSolution
		HideSolutionNode = FALSE
	EndGlobalSection
	GlobalSection(ExtensibilityGlobals) = postSolution
		SolutionGuid = {60E6D1C0-611D-4C08-A465-F83238DEA1A6}
	EndGlobalSection
EndGlobal
